
Microsoft Visual Studio Solution File, Format Version 12.00
# Visual Studio 15
VisualStudioVersion = 15.0.27130.2024
MinimumVisualStudioVersion = 10.0.40219.1
Project("{FAE04EC0-301F-11D3-BF4B-00C04F79EFBC}") = "WindowHijacking", "WindowHijacking\WindowHijacking.csproj", "{980CEC31-FBFF-4871-8AA6-6BE4F67DF351}"
EndProject
Global
	GlobalSection(SolutionConfigurationPlatforms) = preSolution
		Debug|Any CPU = Debug|Any CPU
		Release|Any CPU = Release|Any CPU
	EndGlobalSection
	GlobalSection(ProjectConfigurationPlatforms) = postSolution
		{980CEC31-FBFF-4871-8AA6-6BE4F67DF351}.Debug|Any CPU.ActiveCfg = Debug|Any CPU
		{980CEC31-FBFF-4871-8AA6-6BE4F67DF351}.Debug|Any CPU.Build.0 = Debug|Any CPU
		{980CEC31-FBFF-4871-8AA6-6BE4F67DF351}.Release|Any CPU.ActiveCfg = Release|Any CPU
		{980CEC31-FBFF-4871-8AA6-6BE4F67DF351}.Release|Any CPU.Build.0 = Release|Any CPU
	EndGlobalSection
	GlobalSection(SolutionProperties) = preSolution
		HideSolutionNode = FALSE
	EndGlobalSection
	GlobalSection(ExtensibilityGlobals) = postSolution
		SolutionGuid = {F280A00A-7E90-4A51-8A98-FDFC91A8E513}
	EndGlobalSection
EndGlobal
